
Microsoft Visual Studio Solution File, Format Version 12.00
# Visual Studio 15
VisualStudioVersion = 15.0.26730.12
MinimumVisualStudioVersion = 10.0.40219.1
Project("{FAE04EC0-301F-11D3-BF4B-00C04F79EFBC}") = "toofz.NecroDancer.Leaderboards", "toofz.NecroDancer.Leaderboards\toofz.NecroDancer.Leaderboards.csproj", "{2B492909-63E4-4F96-898E-802EC5A37B0F}"
EndProject
Project("{FAE04EC0-301F-11D3-BF4B-00C04F79EFBC}") = "toofz.NecroDancer.Leaderboards.Tests", "toofz.NecroDancer.Leaderboards.Tests\toofz.NecroDancer.Leaderboards.Tests.csproj", "{81D4C7F2-4DEA-4A5F-B818-55FCC25C350A}"
EndProject
Project("{2150E333-8FDC-42A3-9474-1A3956D46DE8}") = "Solution Items", "Solution Items", "{0C32925A-98CE-478E-9F1C-7F78B233EEFC}"
	ProjectSection(SolutionItems) = preProject
		appveyor.yml = appveyor.yml
		NuGet.Config = NuGet.Config
		README.md = README.md
	EndProjectSection
EndProject
Global
	GlobalSection(SolutionConfigurationPlatforms) = preSolution
		Debug|Any CPU = Debug|Any CPU
		Release|Any CPU = Release|Any CPU
	EndGlobalSection
	GlobalSection(ProjectConfigurationPlatforms) = postSolution
		{2B492909-63E4-4F96-898E-802EC5A37B0F}.Debug|Any CPU.ActiveCfg = Debug|Any CPU
		{2B492909-63E4-4F96-898E-802EC5A37B0F}.Debug|Any CPU.Build.0 = Debug|Any CPU
		{2B492909-63E4-4F96-898E-802EC5A37B0F}.Release|Any CPU.ActiveCfg = Release|Any CPU
		{2B492909-63E4-4F96-898E-802EC5A37B0F}.Release|Any CPU.Build.0 = Release|Any CPU
		{81D4C7F2-4DEA-4A5F-B818-55FCC25C350A}.Debug|Any CPU.ActiveCfg = Debug|Any CPU
		{81D4C7F2-4DEA-4A5F-B818-55FCC25C350A}.Debug|Any CPU.Build.0 = Debug|Any CPU
		{81D4C7F2-4DEA-4A5F-B818-55FCC25C350A}.Release|Any CPU.ActiveCfg = Release|Any CPU
		{81D4C7F2-4DEA-4A5F-B818-55FCC25C350A}.Release|Any CPU.Build.0 = Release|Any CPU
	EndGlobalSection
	GlobalSection(SolutionProperties) = preSolution
		HideSolutionNode = FALSE
	EndGlobalSection
	GlobalSection(ExtensibilityGlobals) = postSolution
		SolutionGuid = {D2418D6A-F0E3-4398-8E14-850FA2EE5ED6}
	EndGlobalSection
EndGlobal
