
Microsoft Visual Studio Solution File, Format Version 12.00
# Visual Studio 15
VisualStudioVersion = 15.0.27130.0
MinimumVisualStudioVersion = 10.0.40219.1
Project("{2150E333-8FDC-42A3-9474-1A3956D46DE8}") = "Solution Items", "Solution Items", "{0C32925A-98CE-478E-9F1C-7F78B233EEFC}"
	ProjectSection(SolutionItems) = preProject
		appveyor.yml = appveyor.yml
		NuGet.Config = NuGet.Config
		README.md = README.md
	EndProjectSection
EndProject
Project("{9A19103F-16F7-4668-BE54-9A1E7A4F7556}") = "toofz.Steam", "toofz.Steam\toofz.Steam.csproj", "{BA8E2502-4028-41C0-A437-8CC34EA33C8E}"
EndProject
Project("{9A19103F-16F7-4668-BE54-9A1E7A4F7556}") = "toofz.Steam.Tests", "toofz.Steam.Tests\toofz.Steam.Tests.csproj", "{719FE4EF-3D16-464D-BC07-904066FB4814}"
EndProject
Global
	GlobalSection(SolutionConfigurationPlatforms) = preSolution
		Debug|Any CPU = Debug|Any CPU
		Release|Any CPU = Release|Any CPU
	EndGlobalSection
	GlobalSection(ProjectConfigurationPlatforms) = postSolution
		{BA8E2502-4028-41C0-A437-8CC34EA33C8E}.Debug|Any CPU.ActiveCfg = Debug|Any CPU
		{BA8E2502-4028-41C0-A437-8CC34EA33C8E}.Debug|Any CPU.Build.0 = Debug|Any CPU
		{BA8E2502-4028-41C0-A437-8CC34EA33C8E}.Release|Any CPU.ActiveCfg = Release|Any CPU
		{BA8E2502-4028-41C0-A437-8CC34EA33C8E}.Release|Any CPU.Build.0 = Release|Any CPU
		{719FE4EF-3D16-464D-BC07-904066FB4814}.Debug|Any CPU.ActiveCfg = Debug|Any CPU
		{719FE4EF-3D16-464D-BC07-904066FB4814}.Debug|Any CPU.Build.0 = Debug|Any CPU
		{719FE4EF-3D16-464D-BC07-904066FB4814}.Release|Any CPU.ActiveCfg = Release|Any CPU
		{719FE4EF-3D16-464D-BC07-904066FB4814}.Release|Any CPU.Build.0 = Release|Any CPU
	EndGlobalSection
	GlobalSection(SolutionProperties) = preSolution
		HideSolutionNode = FALSE
	EndGlobalSection
	GlobalSection(ExtensibilityGlobals) = postSolution
		SolutionGuid = {D2418D6A-F0E3-4398-8E14-850FA2EE5ED6}
	EndGlobalSection
EndGlobal
